
Microsoft Visual Studio Solution File, Format Version 12.00
# Visual Studio Version 17
VisualStudioVersion = 17.5.33516.290
MinimumVisualStudioVersion = 10.0.40219.1
Project("{9A19103F-16F7-4668-BE54-9A1E7A4F7556}") = "ComClient", "ComClient\ComClient.csproj", "{4724975F-320C-4EF5-8E50-D7AFD1E95BE0}"
EndProject
Project("{FAE04EC0-301F-11D3-BF4B-00C04F79EFBC}") = "ComClientLibrary", "ComClientLibrary\ComClientLibrary.csproj", "{BB808236-56E7-4C61-A3AF-73C416A3DADE}"
EndProject
Global
	GlobalSection(SolutionConfigurationPlatforms) = preSolution
		Debug|Any CPU = Debug|Any CPU
		Release|Any CPU = Release|Any CPU
	EndGlobalSection
	GlobalSection(ProjectConfigurationPlatforms) = postSolution
		{4724975F-320C-4EF5-8E50-D7AFD1E95BE0}.Debug|Any CPU.ActiveCfg = Debug|Any CPU
		{4724975F-320C-4EF5-8E50-D7AFD1E95BE0}.Debug|Any CPU.Build.0 = Debug|Any CPU
		{4724975F-320C-4EF5-8E50-D7AFD1E95BE0}.Release|Any CPU.ActiveCfg = Release|Any CPU
		{4724975F-320C-4EF5-8E50-D7AFD1E95BE0}.Release|Any CPU.Build.0 = Release|Any CPU
		{BB808236-56E7-4C61-A3AF-73C416A3DADE}.Debug|Any CPU.ActiveCfg = Debug|Any CPU
		{BB808236-56E7-4C61-A3AF-73C416A3DADE}.Debug|Any CPU.Build.0 = Debug|Any CPU
		{BB808236-56E7-4C61-A3AF-73C416A3DADE}.Release|Any CPU.ActiveCfg = Release|Any CPU
		{BB808236-56E7-4C61-A3AF-73C416A3DADE}.Release|Any CPU.Build.0 = Release|Any CPU
	EndGlobalSection
	GlobalSection(SolutionProperties) = preSolution
		HideSolutionNode = FALSE
	EndGlobalSection
	GlobalSection(ExtensibilityGlobals) = postSolution
		SolutionGuid = {3AF7D291-5BDB-4E7E-8F89-B34EF5C4D0C6}
	EndGlobalSection
EndGlobal
